
Microsoft Visual Studio Solution File, Format Version 12.00
# Visual Studio Version 16
VisualStudioVersion = 16.0.31702.278
MinimumVisualStudioVersion = 10.0.40219.1
Project("{FAE04EC0-301F-11D3-BF4B-00C04F79EFBC}") = "MoreLoops", "MoreLoops\MoreLoops.csproj", "{32CEC939-BD58-4819-952C-4CC5DE2EAFF8}"
EndProject
Project("{FAE04EC0-301F-11D3-BF4B-00C04F79EFBC}") = "OROperator", "OROperator\OROperator.csproj", "{8F372625-BDB7-4348-A7E8-94B2DF6F9AB4}"
EndProject
Project("{FAE04EC0-301F-11D3-BF4B-00C04F79EFBC}") = "LoginValidation", "LoginValidation\LoginValidation.csproj", "{D07BA69D-247A-4877-8791-04529725C260}"
EndProject
Project("{FAE04EC0-301F-11D3-BF4B-00C04F79EFBC}") = "ForLoop", "ForLoop\ForLoop.csproj", "{2336D309-1472-4594-9AD3-D2C5A84EFE09}"
EndProject
Project("{FAE04EC0-301F-11D3-BF4B-00C04F79EFBC}") = "OneToTen", "OneToTen\OneToTen.csproj", "{1AF47995-F8EA-42DB-BFF0-C5B4E252DE10}"
EndProject
Project("{FAE04EC0-301F-11D3-BF4B-00C04F79EFBC}") = "TenToOne", "TenToOne\TenToOne.csproj", "{CD4956F7-F5EC-4B73-AB5C-068ACF615850}"
EndProject
Project("{FAE04EC0-301F-11D3-BF4B-00C04F79EFBC}") = "ForLoopSum", "ForLoopSum\ForLoopSum.csproj", "{4D037A15-9F69-43CD-ACDC-BECECFBD2A2F}"
EndProject
Project("{FAE04EC0-301F-11D3-BF4B-00C04F79EFBC}") = "DiceGame", "DiceGame\DiceGame.csproj", "{3B1CA812-8DB8-4DDC-A221-B620D62159C3}"
EndProject
Global
	GlobalSection(SolutionConfigurationPlatforms) = preSolution
		Debug|Any CPU = Debug|Any CPU
		Release|Any CPU = Release|Any CPU
	EndGlobalSection
	GlobalSection(ProjectConfigurationPlatforms) = postSolution
		{32CEC939-BD58-4819-952C-4CC5DE2EAFF8}.Debug|Any CPU.ActiveCfg = Debug|Any CPU
		{32CEC939-BD58-4819-952C-4CC5DE2EAFF8}.Debug|Any CPU.Build.0 = Debug|Any CPU
		{32CEC939-BD58-4819-952C-4CC5DE2EAFF8}.Release|Any CPU.ActiveCfg = Release|Any CPU
		{32CEC939-BD58-4819-952C-4CC5DE2EAFF8}.Release|Any CPU.Build.0 = Release|Any CPU
		{8F372625-BDB7-4348-A7E8-94B2DF6F9AB4}.Debug|Any CPU.ActiveCfg = Debug|Any CPU
		{8F372625-BDB7-4348-A7E8-94B2DF6F9AB4}.Debug|Any CPU.Build.0 = Debug|Any CPU
		{8F372625-BDB7-4348-A7E8-94B2DF6F9AB4}.Release|Any CPU.ActiveCfg = Release|Any CPU
		{8F372625-BDB7-4348-A7E8-94B2DF6F9AB4}.Release|Any CPU.Build.0 = Release|Any CPU
		{D07BA69D-247A-4877-8791-04529725C260}.Debug|Any CPU.ActiveCfg = Debug|Any CPU
		{D07BA69D-247A-4877-8791-04529725C260}.Debug|Any CPU.Build.0 = Debug|Any CPU
		{D07BA69D-247A-4877-8791-04529725C260}.Release|Any CPU.ActiveCfg = Release|Any CPU
		{D07BA69D-247A-4877-8791-04529725C260}.Release|Any CPU.Build.0 = Release|Any CPU
		{2336D309-1472-4594-9AD3-D2C5A84EFE09}.Debug|Any CPU.ActiveCfg = Debug|Any CPU
		{2336D309-1472-4594-9AD3-D2C5A84EFE09}.Debug|Any CPU.Build.0 = Debug|Any CPU
		{2336D309-1472-4594-9AD3-D2C5A84EFE09}.Release|Any CPU.ActiveCfg = Release|Any CPU
		{2336D309-1472-4594-9AD3-D2C5A84EFE09}.Release|Any CPU.Build.0 = Release|Any CPU
		{1AF47995-F8EA-42DB-BFF0-C5B4E252DE10}.Debug|Any CPU.ActiveCfg = Debug|Any CPU
		{1AF47995-F8EA-42DB-BFF0-C5B4E252DE10}.Debug|Any CPU.Build.0 = Debug|Any CPU
		{1AF47995-F8EA-42DB-BFF0-C5B4E252DE10}.Release|Any CPU.ActiveCfg = Release|Any CPU
		{1AF47995-F8EA-42DB-BFF0-C5B4E252DE10}.Release|Any CPU.Build.0 = Release|Any CPU
		{CD4956F7-F5EC-4B73-AB5C-068ACF615850}.Debug|Any CPU.ActiveCfg = Debug|Any CPU
		{CD4956F7-F5EC-4B73-AB5C-068ACF615850}.Debug|Any CPU.Build.0 = Debug|Any CPU
		{CD4956F7-F5EC-4B73-AB5C-068ACF615850}.Release|Any CPU.ActiveCfg = Release|Any CPU
		{CD4956F7-F5EC-4B73-AB5C-068ACF615850}.Release|Any CPU.Build.0 = Release|Any CPU
		{4D037A15-9F69-43CD-ACDC-BECECFBD2A2F}.Debug|Any CPU.ActiveCfg = Debug|Any CPU
		{4D037A15-9F69-43CD-ACDC-BECECFBD2A2F}.Debug|Any CPU.Build.0 = Debug|Any CPU
		{4D037A15-9F69-43CD-ACDC-BECECFBD2A2F}.Release|Any CPU.ActiveCfg = Release|Any CPU
		{4D037A15-9F69-43CD-ACDC-BECECFBD2A2F}.Release|Any CPU.Build.0 = Release|Any CPU
		{3B1CA812-8DB8-4DDC-A221-B620D62159C3}.Debug|Any CPU.ActiveCfg = Debug|Any CPU
		{3B1CA812-8DB8-4DDC-A221-B620D62159C3}.Debug|Any CPU.Build.0 = Debug|Any CPU
		{3B1CA812-8DB8-4DDC-A221-B620D62159C3}.Release|Any CPU.ActiveCfg = Release|Any CPU
		{3B1CA812-8DB8-4DDC-A221-B620D62159C3}.Release|Any CPU.Build.0 = Release|Any CPU
	EndGlobalSection
	GlobalSection(SolutionProperties) = preSolution
		HideSolutionNode = FALSE
	EndGlobalSection
	GlobalSection(ExtensibilityGlobals) = postSolution
		SolutionGuid = {54B01AD6-D069-4C1E-8622-8EC9B7878AAA}
	EndGlobalSection
EndGlobal
